
Microsoft Visual Studio Solution File, Format Version 12.00
# Visual Studio 15
VisualStudioVersion = 15.0.27130.2020
MinimumVisualStudioVersion = 10.0.40219.1
Project("{FAE04EC0-301F-11D3-BF4B-00C04F79EFBC}") = "Distributor", "Distributor\Distributor.csproj", "{334F1BFA-FE7E-42C5-A537-220375E62B75}"
EndProject
Global
	GlobalSection(SolutionConfigurationPlatforms) = preSolution
		Debug|Any CPU = Debug|Any CPU
		Release|Any CPU = Release|Any CPU
	EndGlobalSection
	GlobalSection(ProjectConfigurationPlatforms) = postSolution
		{334F1BFA-FE7E-42C5-A537-220375E62B75}.Debug|Any CPU.ActiveCfg = Debug|Any CPU
		{334F1BFA-FE7E-42C5-A537-220375E62B75}.Debug|Any CPU.Build.0 = Debug|Any CPU
		{334F1BFA-FE7E-42C5-A537-220375E62B75}.Release|Any CPU.ActiveCfg = Release|Any CPU
		{334F1BFA-FE7E-42C5-A537-220375E62B75}.Release|Any CPU.Build.0 = Release|Any CPU
	EndGlobalSection
	GlobalSection(SolutionProperties) = preSolution
		HideSolutionNode = FALSE
	EndGlobalSection
	GlobalSection(ExtensibilityGlobals) = postSolution
		SolutionGuid = {5B3B002B-12E9-479E-8D8E-F3E190F61851}
	EndGlobalSection
EndGlobal
